
Microsoft Visual Studio Solution File, Format Version 12.00
# Visual Studio Version 17
VisualStudioVersion = 17.2.32505.173
MinimumVisualStudioVersion = 10.0.40219.1
Project("{888888A0-9F3D-457C-B088-3A5042F75D52}") = "LichessToTornelo", "LichessToTornelo\LichessToTornelo.pyproj", "{CA350FF7-C154-4531-961E-77ACE41071EC}"
EndProject
Project("{54435603-DBB4-11D2-8724-00A0C9A8B90C}") = "LichessToTornelo Setup", "LichessToTornelo Setup\LichessToTornelo Setup.vdproj", "{7795190D-7BE8-4158-8B56-5F3EFACCE368}"
EndProject
Global
	GlobalSection(SolutionConfigurationPlatforms) = preSolution
		Debug|Any CPU = Debug|Any CPU
		Release|Any CPU = Release|Any CPU
	EndGlobalSection
	GlobalSection(ProjectConfigurationPlatforms) = postSolution
		{CA350FF7-C154-4531-961E-77ACE41071EC}.Debug|Any CPU.ActiveCfg = Debug|Any CPU
		{CA350FF7-C154-4531-961E-77ACE41071EC}.Release|Any CPU.ActiveCfg = Release|Any CPU
		{7795190D-7BE8-4158-8B56-5F3EFACCE368}.Debug|Any CPU.ActiveCfg = Debug
		{7795190D-7BE8-4158-8B56-5F3EFACCE368}.Release|Any CPU.ActiveCfg = Release
	EndGlobalSection
	GlobalSection(SolutionProperties) = preSolution
		HideSolutionNode = FALSE
	EndGlobalSection
	GlobalSection(ExtensibilityGlobals) = postSolution
		SolutionGuid = {530B8F55-5639-4F40-8DC2-E9D8B77A3F3C}
	EndGlobalSection
EndGlobal
